
Microsoft Visual Studio Solution File, Format Version 12.00
# Visual Studio Version 17
VisualStudioVersion = 17.4.33205.214
MinimumVisualStudioVersion = 10.0.40219.1
Project("{FAE04EC0-301F-11D3-BF4B-00C04F79EFBC}") = "Mikish", "Mikish\Mikish.csproj", "{2DE8F6BA-3A99-41B7-BE39-B6A55B7D2608}"
EndProject
Global
	GlobalSection(SolutionConfigurationPlatforms) = preSolution
		Debug|Any CPU = Debug|Any CPU
		Release|Any CPU = Release|Any CPU
	EndGlobalSection
	GlobalSection(ProjectConfigurationPlatforms) = postSolution
		{2DE8F6BA-3A99-41B7-BE39-B6A55B7D2608}.Debug|Any CPU.ActiveCfg = Debug|Any CPU
		{2DE8F6BA-3A99-41B7-BE39-B6A55B7D2608}.Debug|Any CPU.Build.0 = Debug|Any CPU
		{2DE8F6BA-3A99-41B7-BE39-B6A55B7D2608}.Release|Any CPU.ActiveCfg = Release|Any CPU
		{2DE8F6BA-3A99-41B7-BE39-B6A55B7D2608}.Release|Any CPU.Build.0 = Release|Any CPU
	EndGlobalSection
	GlobalSection(SolutionProperties) = preSolution
		HideSolutionNode = FALSE
	EndGlobalSection
	GlobalSection(ExtensibilityGlobals) = postSolution
		SolutionGuid = {622A3A20-BE5E-4E5B-9394-35FFF65370F4}
	EndGlobalSection
EndGlobal
